
Microsoft Visual Studio Solution File, Format Version 12.00
# Visual Studio Version 16
VisualStudioVersion = 16.0.30413.136
MinimumVisualStudioVersion = 10.0.40219.1
Project("{FAE04EC0-301F-11D3-BF4B-00C04F79EFBC}") = "ElbaMobileXamarinDeveloperTest", "ElbaMobileXamarinDeveloperTest\ElbaMobileXamarinDeveloperTest.csproj", "{EF378481-384C-48D3-973E-90BF8166F43E}"
EndProject
Project("{FAE04EC0-301F-11D3-BF4B-00C04F79EFBC}") = "ElbaMobileXamarinDeveloperTest.Core", "ElbaMobileXamarinDeveloperTest.Core\ElbaMobileXamarinDeveloperTest.Core.csproj", "{1459F964-E7D9-40CD-9E22-CEBA15B16810}"
EndProject
Global
	GlobalSection(SolutionConfigurationPlatforms) = preSolution
		Debug|Any CPU = Debug|Any CPU
		Release|Any CPU = Release|Any CPU
	EndGlobalSection
	GlobalSection(ProjectConfigurationPlatforms) = postSolution
		{EF378481-384C-48D3-973E-90BF8166F43E}.Debug|Any CPU.ActiveCfg = Debug|Any CPU
		{EF378481-384C-48D3-973E-90BF8166F43E}.Debug|Any CPU.Build.0 = Debug|Any CPU
		{EF378481-384C-48D3-973E-90BF8166F43E}.Debug|Any CPU.Deploy.0 = Debug|Any CPU
		{EF378481-384C-48D3-973E-90BF8166F43E}.Release|Any CPU.ActiveCfg = Release|Any CPU
		{EF378481-384C-48D3-973E-90BF8166F43E}.Release|Any CPU.Build.0 = Release|Any CPU
		{EF378481-384C-48D3-973E-90BF8166F43E}.Release|Any CPU.Deploy.0 = Release|Any CPU
		{1459F964-E7D9-40CD-9E22-CEBA15B16810}.Debug|Any CPU.ActiveCfg = Debug|Any CPU
		{1459F964-E7D9-40CD-9E22-CEBA15B16810}.Debug|Any CPU.Build.0 = Debug|Any CPU
		{1459F964-E7D9-40CD-9E22-CEBA15B16810}.Release|Any CPU.ActiveCfg = Release|Any CPU
		{1459F964-E7D9-40CD-9E22-CEBA15B16810}.Release|Any CPU.Build.0 = Release|Any CPU
	EndGlobalSection
	GlobalSection(SolutionProperties) = preSolution
		HideSolutionNode = FALSE
	EndGlobalSection
	GlobalSection(ExtensibilityGlobals) = postSolution
		SolutionGuid = {8B99D1F5-A96C-40B0-BC7C-EE1BF8900587}
	EndGlobalSection
EndGlobal
